// !$*UTF8*$!
{
	archiveVersion = 1;
	classes = {
	};
	objectVersion = 50;
	objects = {

/* Begin PBXBuildFile section */
		27705D2E26CAF89D00003A08 /* AppDelegate.swift in Sources */ = {isa = PBXBuildFile; fileRef = 27705D2D26CAF89D00003A08 /* AppDelegate.swift */; };
		27705D3026CAF89D00003A08 /* SceneDelegate.swift in Sources */ = {isa = PBXBuildFile; fileRef = 27705D2F26CAF89D00003A08 /* SceneDelegate.swift */; };
		27705D3526CAF89D00003A08 /* Main.storyboard in Resources */ = {isa = PBXBuildFile; fileRef = 27705D3326CAF89D00003A08 /* Main.storyboard */; };
		27705D3726CAF89F00003A08 /* Assets.xcassets in Resources */ = {isa = PBXBuildFile; fileRef = 27705D3626CAF89F00003A08 /* Assets.xcassets */; };
		27705D3A26CAF89F00003A08 /* LaunchScreen.storyboard in Resources */ = {isa = PBXBuildFile; fileRef = 27705D3826CAF89F00003A08 /* LaunchScreen.storyboard */; };
		27705D4A26CB00EF00003A08 /* TipCalculatorViewController.swift in Sources */ = {isa = PBXBuildFile; fileRef = 27705D4926CB00EF00003A08 /* TipCalculatorViewController.swift */; };
		27705D4D26CB033D00003A08 /* Media.xcassets in Resources */ = {isa = PBXBuildFile; fileRef = 27705D4C26CB033D00003A08 /* Media.xcassets */; };
		27705D5026CB056E00003A08 /* StyleGuide.swift in Sources */ = {isa = PBXBuildFile; fileRef = 27705D4F26CB056E00003A08 /* StyleGuide.swift */; };
		27705D5326CB068300003A08 /* WarsawGothic.otf in Resources */ = {isa = PBXBuildFile; fileRef = 27705D5226CB068300003A08 /* WarsawGothic.otf */; };
		27705D5526CB080E00003A08 /* TipTextField.swift in Sources */ = {isa = PBXBuildFile; fileRef = 27705D5426CB080E00003A08 /* TipTextField.swift */; };
		27705D5726CB0F4600003A08 /* TipButton.swift in Sources */ = {isa = PBXBuildFile; fileRef = 27705D5626CB0F4600003A08 /* TipButton.swift */; };
		27705D5926CB106E00003A08 /* TipLabel.swift in Sources */ = {isa = PBXBuildFile; fileRef = 27705D5826CB106E00003A08 /* TipLabel.swift */; };
/* End PBXBuildFile section */

/* Begin PBXFileReference section */
		27705D2A26CAF89D00003A08 /* TipCalculator.app */ = {isa = PBXFileReference; explicitFileType = wrapper.application; includeInIndex = 0; path = TipCalculator.app; sourceTree = BUILT_PRODUCTS_DIR; };
		27705D2D26CAF89D00003A08 /* AppDelegate.swift */ = {isa = PBXFileReference; lastKnownFileType = sourcecode.swift; path = AppDelegate.swift; sourceTree = "<group>"; };
		27705D2F26CAF89D00003A08 /* SceneDelegate.swift */ = {isa = PBXFileReference; lastKnownFileType = sourcecode.swift; path = SceneDelegate.swift; sourceTree = "<group>"; };
		27705D3426CAF89D00003A08 /* Base */ = {isa = PBXFileReference; lastKnownFileType = file.storyboard; name = Base; path = Base.lproj/Main.storyboard; sourceTree = "<group>"; };
		27705D3626CAF89F00003A08 /* Assets.xcassets */ = {isa = PBXFileReference; lastKnownFileType = folder.assetcatalog; path = Assets.xcassets; sourceTree = "<group>"; };
		27705D3926CAF89F00003A08 /* Base */ = {isa = PBXFileReference; lastKnownFileType = file.storyboard; name = Base; path = Base.lproj/LaunchScreen.storyboard; sourceTree = "<group>"; };
		27705D3B26CAF89F00003A08 /* Info.plist */ = {isa = PBXFileReference; lastKnownFileType = text.plist.xml; path = Info.plist; sourceTree = "<group>"; };
		27705D4926CB00EF00003A08 /* TipCalculatorViewController.swift */ = {isa = PBXFileReference; lastKnownFileType = sourcecode.swift; path = TipCalculatorViewController.swift; sourceTree = "<group>"; };
		27705D4C26CB033D00003A08 /* Media.xcassets */ = {isa = PBXFileReference; lastKnownFileType = folder.assetcatalog; path = Media.xcassets; sourceTree = "<group>"; };
		27705D4F26CB056E00003A08 /* StyleGuide.swift */ = {isa = PBXFileReference; lastKnownFileType = sourcecode.swift; path = StyleGuide.swift; sourceTree = "<group>"; };
		27705D5226CB068300003A08 /* WarsawGothic.otf */ = {isa = PBXFileReference; lastKnownFileType = file; name = WarsawGothic.otf; path = ../../../../../../../Downloads/WarsawGothic.otf; sourceTree = "<group>"; };
		27705D5426CB080E00003A08 /* TipTextField.swift */ = {isa = PBXFileReference; lastKnownFileType = sourcecode.swift; path = TipTextField.swift; sourceTree = "<group>"; };
		27705D5626CB0F4600003A08 /* TipButton.swift */ = {isa = PBXFileReference; lastKnownFileType = sourcecode.swift; path = TipButton.swift; sourceTree = "<group>"; };
		27705D5826CB106E00003A08 /* TipLabel.swift */ = {isa = PBXFileReference; lastKnownFileType = sourcecode.swift; path = TipLabel.swift; sourceTree = "<group>"; };
/* End PBXFileReference section */

/* Begin PBXFrameworksBuildPhase section */
		27705D2726CAF89D00003A08 /* Frameworks */ = {
			isa = PBXFrameworksBuildPhase;
			buildActionMask = 2147483647;
			files = (
			);
			runOnlyForDeploymentPostprocessing = 0;
		};
/* End PBXFrameworksBuildPhase section */

/* Begin PBXGroup section */
		27705D2126CAF89D00003A08 = {
			isa = PBXGroup;
			children = (
				27705D2C26CAF89D00003A08 /* TipCalculator */,
				27705D2B26CAF89D00003A08 /* Products */,
			);
			sourceTree = "<group>";
		};
		27705D2B26CAF89D00003A08 /* Products */ = {
			isa = PBXGroup;
			children = (
				27705D2A26CAF89D00003A08 /* TipCalculator.app */,
			);
			name = Products;
			sourceTree = "<group>";
		};
		27705D2C26CAF89D00003A08 /* TipCalculator */ = {
			isa = PBXGroup;
			children = (
				27705D4726CAF8EA00003A08 /* Models */,
				27705D4826CAF90C00003A08 /* Controllers */,
				27705D4326CAF8CD00003A08 /* Views */,
				27705D4226CAF8C700003A08 /* Helpers+Extensions */,
				27705D4126CAF8C200003A08 /* Resources */,
			);
			path = TipCalculator;
			sourceTree = "<group>";
		};
		27705D4126CAF8C200003A08 /* Resources */ = {
			isa = PBXGroup;
			children = (
				27705D5126CB067800003A08 /* Fonts */,
				27705D2D26CAF89D00003A08 /* AppDelegate.swift */,
				27705D2F26CAF89D00003A08 /* SceneDelegate.swift */,
				27705D3626CAF89F00003A08 /* Assets.xcassets */,
				27705D4C26CB033D00003A08 /* Media.xcassets */,
				27705D3B26CAF89F00003A08 /* Info.plist */,
			);
			path = Resources;
			sourceTree = "<group>";
		};
		27705D4226CAF8C700003A08 /* Helpers+Extensions */ = {
			isa = PBXGroup;
			children = (
			);
			path = "Helpers+Extensions";
			sourceTree = "<group>";
		};
		27705D4326CAF8CD00003A08 /* Views */ = {
			isa = PBXGroup;
			children = (
				27705D4E26CB056200003A08 /* CustomViews */,
				27705D4426CAF8D400003A08 /* Storyboard */,
			);
			path = Views;
			sourceTree = "<group>";
		};
		27705D4426CAF8D400003A08 /* Storyboard */ = {
			isa = PBXGroup;
			children = (
				27705D3326CAF89D00003A08 /* Main.storyboard */,
				27705D3826CAF89F00003A08 /* LaunchScreen.storyboard */,
			);
			path = Storyboard;
			sourceTree = "<group>";
		};
		27705D4526CAF8DC00003A08 /* ViewControllers */ = {
			isa = PBXGroup;
			children = (
				27705D4926CB00EF00003A08 /* TipCalculatorViewController.swift */,
			);
			path = ViewControllers;
			sourceTree = "<group>";
		};
		27705D4626CAF8E200003A08 /* ModelControllers */ = {
			isa = PBXGroup;
			children = (
			);
			path = ModelControllers;
			sourceTree = "<group>";
		};
		27705D4726CAF8EA00003A08 /* Models */ = {
			isa = PBXGroup;
			children = (
			);
			path = Models;
			sourceTree = "<group>";
		};
		27705D4826CAF90C00003A08 /* Controllers */ = {
			isa = PBXGroup;
			children = (
				27705D4626CAF8E200003A08 /* ModelControllers */,
				27705D4526CAF8DC00003A08 /* ViewControllers */,
			);
			path = Controllers;
			sourceTree = "<group>";
		};
		27705D4E26CB056200003A08 /* CustomViews */ = {
			isa = PBXGroup;
			children = (
				27705D4F26CB056E00003A08 /* StyleGuide.swift */,
				27705D5426CB080E00003A08 /* TipTextField.swift */,
				27705D5626CB0F4600003A08 /* TipButton.swift */,
				27705D5826CB106E00003A08 /* TipLabel.swift */,
			);
			path = CustomViews;
			sourceTree = "<group>";
		};
		27705D5126CB067800003A08 /* Fonts */ = {
			isa = PBXGroup;
			children = (
				27705D5226CB068300003A08 /* WarsawGothic.otf */,
			);
			path = Fonts;
			sourceTree = "<group>";
		};
/* End PBXGroup section */

/* Begin PBXNativeTarget section */
		27705D2926CAF89D00003A08 /* TipCalculator */ = {
			isa = PBXNativeTarget;
			buildConfigurationList = 27705D3E26CAF89F00003A08 /* Build configuration list for PBXNativeTarget "TipCalculator" */;
			buildPhases = (
				27705D2626CAF89D00003A08 /* Sources */,
				27705D2726CAF89D00003A08 /* Frameworks */,
				27705D2826CAF89D00003A08 /* Resources */,
			);
			buildRules = (
			);
			dependencies = (
			);
			name = TipCalculator;
			productName = TipCalculator;
			productReference = 27705D2A26CAF89D00003A08 /* TipCalculator.app */;
			productType = "com.apple.product-type.application";
		};
/* End PBXNativeTarget section */

/* Begin PBXProject section */
		27705D2226CAF89D00003A08 /* Project object */ = {
			isa = PBXProject;
			attributes = {
				LastSwiftUpdateCheck = 1250;
				LastUpgradeCheck = 1250;
				TargetAttributes = {
					27705D2926CAF89D00003A08 = {
						CreatedOnToolsVersion = 12.5.1;
					};
				};
			};
			buildConfigurationList = 27705D2526CAF89D00003A08 /* Build configuration list for PBXProject "TipCalculator" */;
			compatibilityVersion = "Xcode 9.3";
			developmentRegion = en;
			hasScannedForEncodings = 0;
			knownRegions = (
				en,
				Base,
			);
			mainGroup = 27705D2126CAF89D00003A08;
			productRefGroup = 27705D2B26CAF89D00003A08 /* Products */;
			projectDirPath = "";
			projectRoot = "";
			targets = (
				27705D2926CAF89D00003A08 /* TipCalculator */,
			);
		};
/* End PBXProject section */

/* Begin PBXResourcesBuildPhase section */
		27705D2826CAF89D00003A08 /* Resources */ = {
			isa = PBXResourcesBuildPhase;
			buildActionMask = 2147483647;
			files = (
				27705D5326CB068300003A08 /* WarsawGothic.otf in Resources */,
				27705D3A26CAF89F00003A08 /* LaunchScreen.storyboard in Resources */,
				27705D3726CAF89F00003A08 /* Assets.xcassets in Resources */,
				27705D4D26CB033D00003A08 /* Media.xcassets in Resources */,
				27705D3526CAF89D00003A08 /* Main.storyboard in Resources */,
			);
			runOnlyForDeploymentPostprocessing = 0;
		};
/* End PBXResourcesBuildPhase section */

/* Begin PBXSourcesBuildPhase section */
		27705D2626CAF89D00003A08 /* Sources */ = {
			isa = PBXSourcesBuildPhase;
			buildActionMask = 2147483647;
			files = (
				27705D2E26CAF89D00003A08 /* AppDelegate.swift in Sources */,
				27705D4A26CB00EF00003A08 /* TipCalculatorViewController.swift in Sources */,
				27705D5726CB0F4600003A08 /* TipButton.swift in Sources */,
				27705D5526CB080E00003A08 /* TipTextField.swift in Sources */,
				27705D5026CB056E00003A08 /* StyleGuide.swift in Sources */,
				27705D5926CB106E00003A08 /* TipLabel.swift in Sources */,
				27705D3026CAF89D00003A08 /* SceneDelegate.swift in Sources */,
			);
			runOnlyForDeploymentPostprocessing = 0;
		};
/* End PBXSourcesBuildPhase section */

/* Begin PBXVariantGroup section */
		27705D3326CAF89D00003A08 /* Main.storyboard */ = {
			isa = PBXVariantGroup;
			children = (
				27705D3426CAF89D00003A08 /* Base */,
			);
			name = Main.storyboard;
			sourceTree = "<group>";
		};
		27705D3826CAF89F00003A08 /* LaunchScreen.storyboard */ = {
			isa = PBXVariantGroup;
			children = (
				27705D3926CAF89F00003A08 /* Base */,
			);
			name = LaunchScreen.storyboard;
			sourceTree = "<group>";
		};
/* End PBXVariantGroup section */

/* Begin XCBuildConfiguration section */
		27705D3C26CAF89F00003A08 /* Debug */ = {
			isa = XCBuildConfiguration;
			buildSettings = {
				ALWAYS_SEARCH_USER_PATHS = NO;
				CLANG_ANALYZER_NONNULL = YES;
				CLANG_ANALYZER_NUMBER_OBJECT_CONVERSION = YES_AGGRESSIVE;
				CLANG_CXX_LANGUAGE_STANDARD = "gnu++14";
				CLANG_CXX_LIBRARY = "libc++";
				CLANG_ENABLE_MODULES = YES;
				CLANG_ENABLE_OBJC_ARC = YES;
				CLANG_ENABLE_OBJC_WEAK = YES;
				CLANG_WARN_BLOCK_CAPTURE_AUTORELEASING = YES;
				CLANG_WARN_BOOL_CONVERSION = YES;
				CLANG_WARN_COMMA = YES;
				CLANG_WARN_CONSTANT_CONVERSION = YES;
				CLANG_WARN_DEPRECATED_OBJC_IMPLEMENTATIONS = YES;
				CLANG_WARN_DIRECT_OBJC_ISA_USAGE = YES_ERROR;
				CLANG_WARN_DOCUMENTATION_COMMENTS = YES;
				CLANG_WARN_EMPTY_BODY = YES;
				CLANG_WARN_ENUM_CONVERSION = YES;
				CLANG_WARN_INFINITE_RECURSION = YES;
				CLANG_WARN_INT_CONVERSION = YES;
				CLANG_WARN_NON_LITERAL_NULL_CONVERSION = YES;
				CLANG_WARN_OBJC_IMPLICIT_RETAIN_SELF = YES;
				CLANG_WARN_OBJC_LITERAL_CONVERSION = YES;
				CLANG_WARN_OBJC_ROOT_CLASS = YES_ERROR;
				CLANG_WARN_QUOTED_INCLUDE_IN_FRAMEWORK_HEADER = YES;
				CLANG_WARN_RANGE_LOOP_ANALYSIS = YES;
				CLANG_WARN_STRICT_PROTOTYPES = YES;
				CLANG_WARN_SUSPICIOUS_MOVE = YES;
				CLANG_WARN_UNGUARDED_AVAILABILITY = YES_AGGRESSIVE;
				CLANG_WARN_UNREACHABLE_CODE = YES;
				CLANG_WARN__DUPLICATE_METHOD_MATCH = YES;
				COPY_PHASE_STRIP = NO;
				DEBUG_INFORMATION_FORMAT = dwarf;
				ENABLE_STRICT_OBJC_MSGSEND = YES;
				ENABLE_TESTABILITY = YES;
				GCC_C_LANGUAGE_STANDARD = gnu11;
				GCC_DYNAMIC_NO_PIC = NO;
				GCC_NO_COMMON_BLOCKS = YES;
				GCC_OPTIMIZATION_LEVEL = 0;
				GCC_PREPROCESSOR_DEFINITIONS = (
					"DEBUG=1",
					"$(inherited)",
				);
				GCC_WARN_64_TO_32_BIT_CONVERSION = YES;
				GCC_WARN_ABOUT_RETURN_TYPE = YES_ERROR;
				GCC_WARN_UNDECLARED_SELECTOR = YES;
				GCC_WARN_UNINITIALIZED_AUTOS = YES_AGGRESSIVE;
				GCC_WARN_UNUSED_FUNCTION = YES;
				GCC_WARN_UNUSED_VARIABLE = YES;
				IPHONEOS_DEPLOYMENT_TARGET = 14.5;
				MTL_ENABLE_DEBUG_INFO = INCLUDE_SOURCE;
				MTL_FAST_MATH = YES;
				ONLY_ACTIVE_ARCH = YES;
				SDKROOT = iphoneos;
				SWIFT_ACTIVE_COMPILATION_CONDITIONS = DEBUG;
				SWIFT_OPTIMIZATION_LEVEL = "-Onone";
			};
			name = Debug;
		};
		27705D3D26CAF89F00003A08 /* Release */ = {
			isa = XCBuildConfiguration;
			buildSettings = {
				ALWAYS_SEARCH_USER_PATHS = NO;
				CLANG_ANALYZER_NONNULL = YES;
				CLANG_ANALYZER_NUMBER_OBJECT_CONVERSION = YES_AGGRESSIVE;
				CLANG_CXX_LANGUAGE_STANDARD = "gnu++14";
				CLANG_CXX_LIBRARY = "libc++";
				CLANG_ENABLE_MODULES = YES;
				CLANG_ENABLE_OBJC_ARC = YES;
				CLANG_ENABLE_OBJC_WEAK = YES;
				CLANG_WARN_BLOCK_CAPTURE_AUTORELEASING = YES;
				CLANG_WARN_BOOL_CONVERSION = YES;
				CLANG_WARN_COMMA = YES;
				CLANG_WARN_CONSTANT_CONVERSION = YES;
				CLANG_WARN_DEPRECATED_OBJC_IMPLEMENTATIONS = YES;
				CLANG_WARN_DIRECT_OBJC_ISA_USAGE = YES_ERROR;
				CLANG_WARN_DOCUMENTATION_COMMENTS = YES;
				CLANG_WARN_EMPTY_BODY = YES;
				CLANG_WARN_ENUM_CONVERSION = YES;
				CLANG_WARN_INFINITE_RECURSION = YES;
				CLANG_WARN_INT_CONVERSION = YES;
				CLANG_WARN_NON_LITERAL_NULL_CONVERSION = YES;
				CLANG_WARN_OBJC_IMPLICIT_RETAIN_SELF = YES;
				CLANG_WARN_OBJC_LITERAL_CONVERSION = YES;
				CLANG_WARN_OBJC_ROOT_CLASS = YES_ERROR;
				CLANG_WARN_QUOTED_INCLUDE_IN_FRAMEWORK_HEADER = YES;
				CLANG_WARN_RANGE_LOOP_ANALYSIS = YES;
				CLANG_WARN_STRICT_PROTOTYPES = YES;
				CLANG_WARN_SUSPICIOUS_MOVE = YES;
				CLANG_WARN_UNGUARDED_AVAILABILITY = YES_AGGRESSIVE;
				CLANG_WARN_UNREACHABLE_CODE = YES;
				CLANG_WARN__DUPLICATE_METHOD_MATCH = YES;
				COPY_PHASE_STRIP = NO;
				DEBUG_INFORMATION_FORMAT = "dwarf-with-dsym";
				ENABLE_NS_ASSERTIONS = NO;
				ENABLE_STRICT_OBJC_MSGSEND = YES;
				GCC_C_LANGUAGE_STANDARD = gnu11;
				GCC_NO_COMMON_BLOCKS = YES;
				GCC_WARN_64_TO_32_BIT_CONVERSION = YES;
				GCC_WARN_ABOUT_RETURN_TYPE = YES_ERROR;
				GCC_WARN_UNDECLARED_SELECTOR = YES;
				GCC_WARN_UNINITIALIZED_AUTOS = YES_AGGRESSIVE;
				GCC_WARN_UNUSED_FUNCTION = YES;
				GCC_WARN_UNUSED_VARIABLE = YES;
				IPHONEOS_DEPLOYMENT_TARGET = 14.5;
				MTL_ENABLE_DEBUG_INFO = NO;
				MTL_FAST_MATH = YES;
				SDKROOT = iphoneos;
				SWIFT_COMPILATION_MODE = wholemodule;
				SWIFT_OPTIMIZATION_LEVEL = "-O";
				VALIDATE_PRODUCT = YES;
			};
			name = Release;
		};
		27705D3F26CAF89F00003A08 /* Debug */ = {
			isa = XCBuildConfiguration;
			buildSettings = {
				ASSETCATALOG_COMPILER_APPICON_NAME = AppIcon;
				ASSETCATALOG_COMPILER_GLOBAL_ACCENT_COLOR_NAME = AccentColor;
				CODE_SIGN_STYLE = Automatic;
				DEVELOPMENT_TEAM = L97V4TW6MB;
				INFOPLIST_FILE = TipCalculator/Resources/Info.plist;
				LD_RUNPATH_SEARCH_PATHS = (
					"$(inherited)",
					"@executable_path/Frameworks",
				);
				PRODUCT_BUNDLE_IDENTIFIER = com.KyleWarren.TipCalculator;
				PRODUCT_NAME = "$(TARGET_NAME)";
				SWIFT_VERSION = 5.0;
				TARGETED_DEVICE_FAMILY = "1,2";
			};
			name = Debug;
		};
		27705D4026CAF89F00003A08 /* Release */ = {
			isa = XCBuildConfiguration;
			buildSettings = {
				ASSETCATALOG_COMPILER_APPICON_NAME = AppIcon;
				ASSETCATALOG_COMPILER_GLOBAL_ACCENT_COLOR_NAME = AccentColor;
				CODE_SIGN_STYLE = Automatic;
				DEVELOPMENT_TEAM = L97V4TW6MB;
				INFOPLIST_FILE = TipCalculator/Resources/Info.plist;
				LD_RUNPATH_SEARCH_PATHS = (
					"$(inherited)",
					"@executable_path/Frameworks",
				);
				PRODUCT_BUNDLE_IDENTIFIER = com.KyleWarren.TipCalculator;
				PRODUCT_NAME = "$(TARGET_NAME)";
				SWIFT_VERSION = 5.0;
				TARGETED_DEVICE_FAMILY = "1,2";
			};
			name = Release;
		};
/* End XCBuildConfiguration section */

/* Begin XCConfigurationList section */
		27705D2526CAF89D00003A08 /* Build configuration list for PBXProject "TipCalculator" */ = {
			isa = XCConfigurationList;
			buildConfigurations = (
				27705D3C26CAF89F00003A08 /* Debug */,
				27705D3D26CAF89F00003A08 /* Release */,
			);
			defaultConfigurationIsVisible = 0;
			defaultConfigurationName = Release;
		};
		27705D3E26CAF89F00003A08 /* Build configuration list for PBXNativeTarget "TipCalculator" */ = {
			isa = XCConfigurationList;
			buildConfigurations = (
				27705D3F26CAF89F00003A08 /* Debug */,
				27705D4026CAF89F00003A08 /* Release */,
			);
			defaultConfigurationIsVisible = 0;
			defaultConfigurationName = Release;
		};
/* End XCConfigurationList section */
	};
	rootObject = 27705D2226CAF89D00003A08 /* Project object */;
}
